<?xml version="1.0"?>
<CONFIG>
  <ProjectOptions>
    <Version Value="9"/>
    <General>
      <Flags>
        <MainUnitHasCreateFormStatements Value="False"/>
      </Flags>
      <MainUnit Value="0"/>
      <Title Value="kirkwooduartboot"/>
      <ResourceType Value="res"/>
      <UseXPManifest Value="True"/>
      <Icon Value="0"/>
      <ActiveWindowIndexAtStart Value="0"/>
    </General>
    <i18n>
      <EnableI18N LFM="False"/>
    </i18n>
    <VersionInfo>
      <StringTable ProductVersion=""/>
    </VersionInfo>
    <BuildModes Count="1" Active="Default">
      <Item1 Name="Default" Default="True"/>
    </BuildModes>
    <PublishOptions>
      <Version Value="2"/>
      <IncludeFileFilter Value="*.(pas|pp|inc|lfm|lpr|lrs|lpi|lpk|sh|xml)"/>
      <ExcludeFileFilter Value="*.(bak|ppu|o|so);*~;backup"/>
    </PublishOptions>
    <RunParams>
      <local>
        <FormatVersion Value="1"/>
        <LaunchingApplication PathPlusParams="/usr/bin/xterm -T 'Lazarus Run Output' -e $(LazarusDir)/tools/runwait.sh $(TargetCmdLine)"/>
      </local>
    </RunParams>
    <Units Count="15">
      <Unit0>
        <Filename Value="kirkwooduartboot.pas"/>
        <IsPartOfProject Value="True"/>
        <UnitName Value="kirkwooduartboot"/>
        <EditorIndex Value="0"/>
        <WindowIndex Value="0"/>
        <TopLine Value="1"/>
        <CursorPos X="29" Y="45"/>
        <UsageCount Value="119"/>
        <Loaded Value="True"/>
      </Unit0>
      <Unit1>
        <Filename Value="/usr/share/fpcsrc/2.4.4/rtl/objpas/objpas.pp"/>
        <UnitName Value="objpas"/>
        <WindowIndex Value="0"/>
        <TopLine Value="47"/>
        <CursorPos X="65" Y="62"/>
        <UsageCount Value="2"/>
      </Unit1>
      <Unit2>
        <Filename Value="kirkwooduartboot_serial.pas"/>
        <IsPartOfProject Value="True"/>
        <UnitName Value="kirkwooduartboot_serial"/>
        <IsVisibleTab Value="True"/>
        <EditorIndex Value="1"/>
        <WindowIndex Value="0"/>
        <TopLine Value="1"/>
        <CursorPos X="7" Y="1"/>
        <UsageCount Value="119"/>
        <Loaded Value="True"/>
      </Unit2>
      <Unit3>
        <Filename Value="/usr/share/fpcsrc/2.4.4/packages/fcl-base/src/custapp.pp"/>
        <UnitName Value="CustApp"/>
        <WindowIndex Value="0"/>
        <TopLine Value="41"/>
        <CursorPos X="49" Y="223"/>
        <UsageCount Value="2"/>
      </Unit3>
      <Unit4>
        <Filename Value="synapse40/source/lib/synaser.pas"/>
        <UnitName Value="synaser"/>
        <WindowIndex Value="0"/>
        <TopLine Value="99"/>
        <CursorPos X="111" Y="38"/>
        <UsageCount Value="117"/>
      </Unit4>
      <Unit5>
        <Filename Value="xmodem.pas"/>
        <UnitName Value="xmodem"/>
        <WindowIndex Value="0"/>
        <TopLine Value="123"/>
        <CursorPos X="33" Y="143"/>
        <UsageCount Value="2"/>
      </Unit5>
      <Unit6>
        <Filename Value="pt4xmodem.pas"/>
        <UnitName Value="pt4xmodem"/>
        <WindowIndex Value="0"/>
        <TopLine Value="1"/>
        <CursorPos X="10" Y="13"/>
        <UsageCount Value="12"/>
      </Unit6>
      <Unit7>
        <Filename Value="pibterm/PT4XMOD.pas"/>
        <UnitName Value="PT4XMOD"/>
        <WindowIndex Value="0"/>
        <TopLine Value="1"/>
        <CursorPos X="55" Y="24"/>
        <UsageCount Value="13"/>
      </Unit7>
      <Unit8>
        <Filename Value="XMODCOMO.MOD"/>
        <WindowIndex Value="0"/>
        <TopLine Value="113"/>
        <CursorPos X="9" Y="15"/>
        <UsageCount Value="2"/>
        <DefaultSyntaxHighlighter Value="None"/>
      </Unit8>
      <Unit9>
        <Filename Value="pibterm/DOXMODU1.MOD"/>
        <WindowIndex Value="0"/>
        <TopLine Value="1"/>
        <CursorPos X="14" Y="20"/>
        <UsageCount Value="2"/>
        <DefaultSyntaxHighlighter Value="None"/>
      </Unit9>
      <Unit10>
        <Filename Value="pibterm/DUPL.MOD"/>
        <WindowIndex Value="0"/>
        <TopLine Value="1"/>
        <CursorPos X="7" Y="46"/>
        <UsageCount Value="2"/>
        <DefaultSyntaxHighlighter Value="None"/>
      </Unit10>
      <Unit11>
        <Filename Value="pibterm/StringMan.pas"/>
        <UnitName Value="StringMan"/>
        <WindowIndex Value="0"/>
        <TopLine Value="6"/>
        <CursorPos X="1" Y="1"/>
        <UsageCount Value="2"/>
      </Unit11>
      <Unit12>
        <Filename Value="/usr/share/fpcsrc/2.4.4/rtl/objpas/sysutils/sysstrh.inc"/>
        <WindowIndex Value="0"/>
        <TopLine Value="78"/>
        <CursorPos X="18" Y="118"/>
        <UsageCount Value="46"/>
      </Unit12>
      <Unit13>
        <Filename Value="/usr/share/fpcsrc/2.4.4/rtl/objpas/sysutils/osutilsh.inc"/>
        <WindowIndex Value="0"/>
        <TopLine Value="6"/>
        <CursorPos X="10" Y="30"/>
        <UsageCount Value="45"/>
      </Unit13>
      <Unit14>
        <Filename Value="synapse/synautil.pas"/>
        <UnitName Value="synautil"/>
        <WindowIndex Value="0"/>
        <TopLine Value="62"/>
        <CursorPos X="29" Y="87"/>
        <UsageCount Value="10"/>
      </Unit14>
    </Units>
    <JumpHistory Count="4" HistoryIndex="3">
      <Position1>
        <Filename Value="kirkwooduartboot.pas"/>
        <Caret Line="64" Column="10" TopLine="43"/>
      </Position1>
      <Position2>
        <Filename Value="kirkwooduartboot.pas"/>
        <Caret Line="11" Column="12" TopLine="1"/>
      </Position2>
      <Position3>
        <Filename Value="kirkwooduartboot_serial.pas"/>
        <Caret Line="8" Column="23" TopLine="1"/>
      </Position3>
      <Position4>
        <Filename Value="kirkwooduartboot_serial.pas"/>
        <Caret Line="18" Column="89" TopLine="1"/>
      </Position4>
    </JumpHistory>
  </ProjectOptions>
  <CompilerOptions>
    <Version Value="9"/>
    <Target>
      <Filename Value="kirkwooduartboot"/>
    </Target>
    <SearchPaths>
      <IncludeFiles Value="$(ProjOutDir)"/>
      <OtherUnitFiles Value="synapse"/>
      <UnitOutputDirectory Value="lib/$(TargetCPU)-$(TargetOS)"/>
    </SearchPaths>
    <Other>
      <CompilerMessages>
        <UseMsgFile Value="True"/>
      </CompilerMessages>
      <CompilerPath Value="$(CompPath)"/>
    </Other>
  </CompilerOptions>
  <Debugging>
    <Exceptions Count="3">
      <Item1>
        <Name Value="EAbort"/>
      </Item1>
      <Item2>
        <Name Value="ECodetoolError"/>
      </Item2>
      <Item3>
        <Name Value="EFOpenError"/>
      </Item3>
    </Exceptions>
  </Debugging>
</CONFIG>
